
Microsoft Visual Studio Solution File, Format Version 12.00
# Visual Studio 15
VisualStudioVersion = 15.0.27703.2026
MinimumVisualStudioVersion = 10.0.40219.1
Project("{FAE04EC0-301F-11D3-BF4B-00C04F79EFBC}") = "lab2", "lab2\lab2.csproj", "{8D3B4468-0811-45DB-852C-34AC8451118D}"
EndProject
Global
	GlobalSection(SolutionConfigurationPlatforms) = preSolution
		Debug|Any CPU = Debug|Any CPU
		Release|Any CPU = Release|Any CPU
	EndGlobalSection
	GlobalSection(ProjectConfigurationPlatforms) = postSolution
		{8D3B4468-0811-45DB-852C-34AC8451118D}.Debug|Any CPU.ActiveCfg = Debug|Any CPU
		{8D3B4468-0811-45DB-852C-34AC8451118D}.Debug|Any CPU.Build.0 = Debug|Any CPU
		{8D3B4468-0811-45DB-852C-34AC8451118D}.Release|Any CPU.ActiveCfg = Release|Any CPU
		{8D3B4468-0811-45DB-852C-34AC8451118D}.Release|Any CPU.Build.0 = Release|Any CPU
	EndGlobalSection
	GlobalSection(SolutionProperties) = preSolution
		HideSolutionNode = FALSE
	EndGlobalSection
	GlobalSection(ExtensibilityGlobals) = postSolution
		SolutionGuid = {E453AD7C-294C-496C-BDDE-DC1816B550BD}
	EndGlobalSection
EndGlobal
